
Microsoft Visual Studio Solution File, Format Version 12.00
# Visual Studio 15
VisualStudioVersion = 15.0.28307.168
MinimumVisualStudioVersion = 10.0.40219.1
Project("{FAE04EC0-301F-11D3-BF4B-00C04F79EFBC}") = "Phtotex.Api", "Phtotex.Api\Phtotex.Api.csproj", "{854AF4B0-271D-428A-BF2C-B6C6C9E61762}"
EndProject
Project("{FAE04EC0-301F-11D3-BF4B-00C04F79EFBC}") = "Photex.Core", "Photex.Core\Photex.Core.csproj", "{C4FB5B08-CF98-4D6D-942F-0926D473ED56}"
EndProject
Project("{FAE04EC0-301F-11D3-BF4B-00C04F79EFBC}") = "Photex.Core.Tests", "Photex.Core.Tests\Photex.Core.Tests.csproj", "{3BD397F0-3294-475C-BB8B-0D0FD0A83078}"
EndProject
Project("{FAE04EC0-301F-11D3-BF4B-00C04F79EFBC}") = "Photex.Database", "Photex.Database\Photex.Database.csproj", "{7E731134-CAD3-4D23-A14E-E52147334C54}"
EndProject
Project("{FAE04EC0-301F-11D3-BF4B-00C04F79EFBC}") = "Photex.MigrationRunner", "Photex.MigrationRunner\Photex.MigrationRunner.csproj", "{AF0934C3-6674-4AF3-A78C-4EE8DBF7323C}"
EndProject
Global
	GlobalSection(SolutionConfigurationPlatforms) = preSolution
		Debug|Any CPU = Debug|Any CPU
		Release|Any CPU = Release|Any CPU
	EndGlobalSection
	GlobalSection(ProjectConfigurationPlatforms) = postSolution
		{854AF4B0-271D-428A-BF2C-B6C6C9E61762}.Debug|Any CPU.ActiveCfg = Debug|Any CPU
		{854AF4B0-271D-428A-BF2C-B6C6C9E61762}.Debug|Any CPU.Build.0 = Debug|Any CPU
		{854AF4B0-271D-428A-BF2C-B6C6C9E61762}.Release|Any CPU.ActiveCfg = Release|Any CPU
		{854AF4B0-271D-428A-BF2C-B6C6C9E61762}.Release|Any CPU.Build.0 = Release|Any CPU
		{C4FB5B08-CF98-4D6D-942F-0926D473ED56}.Debug|Any CPU.ActiveCfg = Debug|Any CPU
		{C4FB5B08-CF98-4D6D-942F-0926D473ED56}.Debug|Any CPU.Build.0 = Debug|Any CPU
		{C4FB5B08-CF98-4D6D-942F-0926D473ED56}.Release|Any CPU.ActiveCfg = Release|Any CPU
		{C4FB5B08-CF98-4D6D-942F-0926D473ED56}.Release|Any CPU.Build.0 = Release|Any CPU
		{3BD397F0-3294-475C-BB8B-0D0FD0A83078}.Debug|Any CPU.ActiveCfg = Debug|Any CPU
		{3BD397F0-3294-475C-BB8B-0D0FD0A83078}.Debug|Any CPU.Build.0 = Debug|Any CPU
		{3BD397F0-3294-475C-BB8B-0D0FD0A83078}.Release|Any CPU.ActiveCfg = Release|Any CPU
		{3BD397F0-3294-475C-BB8B-0D0FD0A83078}.Release|Any CPU.Build.0 = Release|Any CPU
		{7E731134-CAD3-4D23-A14E-E52147334C54}.Debug|Any CPU.ActiveCfg = Debug|Any CPU
		{7E731134-CAD3-4D23-A14E-E52147334C54}.Debug|Any CPU.Build.0 = Debug|Any CPU
		{7E731134-CAD3-4D23-A14E-E52147334C54}.Release|Any CPU.ActiveCfg = Release|Any CPU
		{7E731134-CAD3-4D23-A14E-E52147334C54}.Release|Any CPU.Build.0 = Release|Any CPU
		{AF0934C3-6674-4AF3-A78C-4EE8DBF7323C}.Debug|Any CPU.ActiveCfg = Debug|Any CPU
		{AF0934C3-6674-4AF3-A78C-4EE8DBF7323C}.Debug|Any CPU.Build.0 = Debug|Any CPU
		{AF0934C3-6674-4AF3-A78C-4EE8DBF7323C}.Release|Any CPU.ActiveCfg = Release|Any CPU
		{AF0934C3-6674-4AF3-A78C-4EE8DBF7323C}.Release|Any CPU.Build.0 = Release|Any CPU
	EndGlobalSection
	GlobalSection(SolutionProperties) = preSolution
		HideSolutionNode = FALSE
	EndGlobalSection
	GlobalSection(ExtensibilityGlobals) = postSolution
		SolutionGuid = {D598125F-3F5A-487A-BDA8-B1D08E546115}
	EndGlobalSection
EndGlobal
